// !$*UTF8*$!
{
	archiveVersion = 1;
	classes = {
	};
	objectVersion = 56;
	objects = {

/* Begin PBXBuildFile section */
		DD4817832871CA3D00B945F6 /* AppDelegate.swift in Sources */ = {isa = PBXBuildFile; fileRef = DD4817822871CA3D00B945F6 /* AppDelegate.swift */; };
		DD4817852871CA3D00B945F6 /* SceneDelegate.swift in Sources */ = {isa = PBXBuildFile; fileRef = DD4817842871CA3D00B945F6 /* SceneDelegate.swift */; };
		DD4817872871CA3D00B945F6 /* ViewController.swift in Sources */ = {isa = PBXBuildFile; fileRef = DD4817862871CA3D00B945F6 /* ViewController.swift */; };
		DD48178A2871CA3D00B945F6 /* Main.storyboard in Resources */ = {isa = PBXBuildFile; fileRef = DD4817882871CA3D00B945F6 /* Main.storyboard */; };
		DD48178C2871CA3E00B945F6 /* Assets.xcassets in Resources */ = {isa = PBXBuildFile; fileRef = DD48178B2871CA3E00B945F6 /* Assets.xcassets */; };
		DD48178F2871CA3E00B945F6 /* LaunchScreen.storyboard in Resources */ = {isa = PBXBuildFile; fileRef = DD48178D2871CA3E00B945F6 /* LaunchScreen.storyboard */; };
		DDA73D752871FCBD002C4E49 /* LiveTextController.swift in Sources */ = {isa = PBXBuildFile; fileRef = DDA73D742871FCBD002C4E49 /* LiveTextController.swift */; };
		DDA73D772871FE20002C4E49 /* sample.PNG in Resources */ = {isa = PBXBuildFile; fileRef = DDA73D762871FE20002C4E49 /* sample.PNG */; };
/* End PBXBuildFile section */

/* Begin PBXFileReference section */
		DD48177F2871CA3D00B945F6 /* LiveText.app */ = {isa = PBXFileReference; explicitFileType = wrapper.application; includeInIndex = 0; path = LiveText.app; sourceTree = BUILT_PRODUCTS_DIR; };
		DD4817822871CA3D00B945F6 /* AppDelegate.swift */ = {isa = PBXFileReference; lastKnownFileType = sourcecode.swift; path = AppDelegate.swift; sourceTree = "<group>"; };
		DD4817842871CA3D00B945F6 /* SceneDelegate.swift */ = {isa = PBXFileReference; lastKnownFileType = sourcecode.swift; path = SceneDelegate.swift; sourceTree = "<group>"; };
		DD4817862871CA3D00B945F6 /* ViewController.swift */ = {isa = PBXFileReference; lastKnownFileType = sourcecode.swift; path = ViewController.swift; sourceTree = "<group>"; };
		DD4817892871CA3D00B945F6 /* Base */ = {isa = PBXFileReference; lastKnownFileType = file.storyboard; name = Base; path = Base.lproj/Main.storyboard; sourceTree = "<group>"; };
		DD48178B2871CA3E00B945F6 /* Assets.xcassets */ = {isa = PBXFileReference; lastKnownFileType = folder.assetcatalog; path = Assets.xcassets; sourceTree = "<group>"; };
		DD48178E2871CA3E00B945F6 /* Base */ = {isa = PBXFileReference; lastKnownFileType = file.storyboard; name = Base; path = Base.lproj/LaunchScreen.storyboard; sourceTree = "<group>"; };
		DD4817902871CA3E00B945F6 /* Info.plist */ = {isa = PBXFileReference; lastKnownFileType = text.plist.xml; path = Info.plist; sourceTree = "<group>"; };
		DDA73D742871FCBD002C4E49 /* LiveTextController.swift */ = {isa = PBXFileReference; lastKnownFileType = sourcecode.swift; path = LiveTextController.swift; sourceTree = "<group>"; };
		DDA73D762871FE20002C4E49 /* sample.PNG */ = {isa = PBXFileReference; lastKnownFileType = image.png; path = sample.PNG; sourceTree = "<group>"; };
/* End PBXFileReference section */

/* Begin PBXFrameworksBuildPhase section */
		DD48177C2871CA3D00B945F6 /* Frameworks */ = {
			isa = PBXFrameworksBuildPhase;
			buildActionMask = 2147483647;
			files = (
			);
			runOnlyForDeploymentPostprocessing = 0;
		};
/* End PBXFrameworksBuildPhase section */

/* Begin PBXGroup section */
		DD4817762871CA3D00B945F6 = {
			isa = PBXGroup;
			children = (
				DD4817812871CA3D00B945F6 /* LiveText */,
				DD4817802871CA3D00B945F6 /* Products */,
			);
			sourceTree = "<group>";
		};
		DD4817802871CA3D00B945F6 /* Products */ = {
			isa = PBXGroup;
			children = (
				DD48177F2871CA3D00B945F6 /* LiveText.app */,
			);
			name = Products;
			sourceTree = "<group>";
		};
		DD4817812871CA3D00B945F6 /* LiveText */ = {
			isa = PBXGroup;
			children = (
				DD4817822871CA3D00B945F6 /* AppDelegate.swift */,
				DD4817842871CA3D00B945F6 /* SceneDelegate.swift */,
				DD4817862871CA3D00B945F6 /* ViewController.swift */,
				DD4817882871CA3D00B945F6 /* Main.storyboard */,
				DD48178B2871CA3E00B945F6 /* Assets.xcassets */,
				DD48178D2871CA3E00B945F6 /* LaunchScreen.storyboard */,
				DDA73D762871FE20002C4E49 /* sample.PNG */,
				DD4817902871CA3E00B945F6 /* Info.plist */,
				DDA73D742871FCBD002C4E49 /* LiveTextController.swift */,
			);
			path = LiveText;
			sourceTree = "<group>";
		};
/* End PBXGroup section */

/* Begin PBXNativeTarget section */
		DD48177E2871CA3D00B945F6 /* LiveText */ = {
			isa = PBXNativeTarget;
			buildConfigurationList = DD4817932871CA3E00B945F6 /* Build configuration list for PBXNativeTarget "LiveText" */;
			buildPhases = (
				DD48177B2871CA3D00B945F6 /* Sources */,
				DD48177C2871CA3D00B945F6 /* Frameworks */,
				DD48177D2871CA3D00B945F6 /* Resources */,
			);
			buildRules = (
			);
			dependencies = (
			);
			name = LiveText;
			productName = LiveText;
			productReference = DD48177F2871CA3D00B945F6 /* LiveText.app */;
			productType = "com.apple.product-type.application";
		};
/* End PBXNativeTarget section */

/* Begin PBXProject section */
		DD4817772871CA3D00B945F6 /* Project object */ = {
			isa = PBXProject;
			attributes = {
				BuildIndependentTargetsInParallel = 1;
				LastSwiftUpdateCheck = 1400;
				LastUpgradeCheck = 1400;
				TargetAttributes = {
					DD48177E2871CA3D00B945F6 = {
						CreatedOnToolsVersion = 14.0;
					};
				};
			};
			buildConfigurationList = DD48177A2871CA3D00B945F6 /* Build configuration list for PBXProject "LiveText" */;
			compatibilityVersion = "Xcode 14.0";
			developmentRegion = en;
			hasScannedForEncodings = 0;
			knownRegions = (
				en,
				Base,
			);
			mainGroup = DD4817762871CA3D00B945F6;
			productRefGroup = DD4817802871CA3D00B945F6 /* Products */;
			projectDirPath = "";
			projectRoot = "";
			targets = (
				DD48177E2871CA3D00B945F6 /* LiveText */,
			);
		};
/* End PBXProject section */

/* Begin PBXResourcesBuildPhase section */
		DD48177D2871CA3D00B945F6 /* Resources */ = {
			isa = PBXResourcesBuildPhase;
			buildActionMask = 2147483647;
			files = (
				DDA73D772871FE20002C4E49 /* sample.PNG in Resources */,
				DD48178F2871CA3E00B945F6 /* LaunchScreen.storyboard in Resources */,
				DD48178C2871CA3E00B945F6 /* Assets.xcassets in Resources */,
				DD48178A2871CA3D00B945F6 /* Main.storyboard in Resources */,
			);
			runOnlyForDeploymentPostprocessing = 0;
		};
/* End PBXResourcesBuildPhase section */

/* Begin PBXSourcesBuildPhase section */
		DD48177B2871CA3D00B945F6 /* Sources */ = {
			isa = PBXSourcesBuildPhase;
			buildActionMask = 2147483647;
			files = (
				DDA73D752871FCBD002C4E49 /* LiveTextController.swift in Sources */,
				DD4817872871CA3D00B945F6 /* ViewController.swift in Sources */,
				DD4817832871CA3D00B945F6 /* AppDelegate.swift in Sources */,
				DD4817852871CA3D00B945F6 /* SceneDelegate.swift in Sources */,
			);
			runOnlyForDeploymentPostprocessing = 0;
		};
/* End PBXSourcesBuildPhase section */

/* Begin PBXVariantGroup section */
		DD4817882871CA3D00B945F6 /* Main.storyboard */ = {
			isa = PBXVariantGroup;
			children = (
				DD4817892871CA3D00B945F6 /* Base */,
			);
			name = Main.storyboard;
			sourceTree = "<group>";
		};
		DD48178D2871CA3E00B945F6 /* LaunchScreen.storyboard */ = {
			isa = PBXVariantGroup;
			children = (
				DD48178E2871CA3E00B945F6 /* Base */,
			);
			name = LaunchScreen.storyboard;
			sourceTree = "<group>";
		};
/* End PBXVariantGroup section */

/* Begin XCBuildConfiguration section */
		DD4817912871CA3E00B945F6 /* Debug */ = {
			isa = XCBuildConfiguration;
			buildSettings = {
				ALWAYS_SEARCH_USER_PATHS = NO;
				CLANG_ANALYZER_NONNULL = YES;
				CLANG_ANALYZER_NUMBER_OBJECT_CONVERSION = YES_AGGRESSIVE;
				CLANG_CXX_LANGUAGE_STANDARD = "gnu++17";
				CLANG_ENABLE_MODULES = YES;
				CLANG_ENABLE_OBJC_ARC = YES;
				CLANG_ENABLE_OBJC_WEAK = YES;
				CLANG_WARN_BLOCK_CAPTURE_AUTORELEASING = YES;
				CLANG_WARN_BOOL_CONVERSION = YES;
				CLANG_WARN_COMMA = YES;
				CLANG_WARN_CONSTANT_CONVERSION = YES;
				CLANG_WARN_DEPRECATED_OBJC_IMPLEMENTATIONS = YES;
				CLANG_WARN_DIRECT_OBJC_ISA_USAGE = YES_ERROR;
				CLANG_WARN_DOCUMENTATION_COMMENTS = YES;
				CLANG_WARN_EMPTY_BODY = YES;
				CLANG_WARN_ENUM_CONVERSION = YES;
				CLANG_WARN_INFINITE_RECURSION = YES;
				CLANG_WARN_INT_CONVERSION = YES;
				CLANG_WARN_NON_LITERAL_NULL_CONVERSION = YES;
				CLANG_WARN_OBJC_IMPLICIT_RETAIN_SELF = YES;
				CLANG_WARN_OBJC_LITERAL_CONVERSION = YES;
				CLANG_WARN_OBJC_ROOT_CLASS = YES_ERROR;
				CLANG_WARN_QUOTED_INCLUDE_IN_FRAMEWORK_HEADER = YES;
				CLANG_WARN_RANGE_LOOP_ANALYSIS = YES;
				CLANG_WARN_STRICT_PROTOTYPES = YES;
				CLANG_WARN_SUSPICIOUS_MOVE = YES;
				CLANG_WARN_UNGUARDED_AVAILABILITY = YES_AGGRESSIVE;
				CLANG_WARN_UNREACHABLE_CODE = YES;
				CLANG_WARN__DUPLICATE_METHOD_MATCH = YES;
				COPY_PHASE_STRIP = NO;
				DEBUG_INFORMATION_FORMAT = dwarf;
				ENABLE_STRICT_OBJC_MSGSEND = YES;
				ENABLE_TESTABILITY = YES;
				GCC_C_LANGUAGE_STANDARD = gnu11;
				GCC_DYNAMIC_NO_PIC = NO;
				GCC_NO_COMMON_BLOCKS = YES;
				GCC_OPTIMIZATION_LEVEL = 0;
				GCC_PREPROCESSOR_DEFINITIONS = (
					"DEBUG=1",
					"$(inherited)",
				);
				GCC_WARN_64_TO_32_BIT_CONVERSION = YES;
				GCC_WARN_ABOUT_RETURN_TYPE = YES_ERROR;
				GCC_WARN_UNDECLARED_SELECTOR = YES;
				GCC_WARN_UNINITIALIZED_AUTOS = YES_AGGRESSIVE;
				GCC_WARN_UNUSED_FUNCTION = YES;
				GCC_WARN_UNUSED_VARIABLE = YES;
				IPHONEOS_DEPLOYMENT_TARGET = 16.0;
				MTL_ENABLE_DEBUG_INFO = INCLUDE_SOURCE;
				MTL_FAST_MATH = YES;
				ONLY_ACTIVE_ARCH = YES;
				SDKROOT = iphoneos;
				SWIFT_ACTIVE_COMPILATION_CONDITIONS = DEBUG;
				SWIFT_OPTIMIZATION_LEVEL = "-Onone";
			};
			name = Debug;
		};
		DD4817922871CA3E00B945F6 /* Release */ = {
			isa = XCBuildConfiguration;
			buildSettings = {
				ALWAYS_SEARCH_USER_PATHS = NO;
				CLANG_ANALYZER_NONNULL = YES;
				CLANG_ANALYZER_NUMBER_OBJECT_CONVERSION = YES_AGGRESSIVE;
				CLANG_CXX_LANGUAGE_STANDARD = "gnu++17";
				CLANG_ENABLE_MODULES = YES;
				CLANG_ENABLE_OBJC_ARC = YES;
				CLANG_ENABLE_OBJC_WEAK = YES;
				CLANG_WARN_BLOCK_CAPTURE_AUTORELEASING = YES;
				CLANG_WARN_BOOL_CONVERSION = YES;
				CLANG_WARN_COMMA = YES;
				CLANG_WARN_CONSTANT_CONVERSION = YES;
				CLANG_WARN_DEPRECATED_OBJC_IMPLEMENTATIONS = YES;
				CLANG_WARN_DIRECT_OBJC_ISA_USAGE = YES_ERROR;
				CLANG_WARN_DOCUMENTATION_COMMENTS = YES;
				CLANG_WARN_EMPTY_BODY = YES;
				CLANG_WARN_ENUM_CONVERSION = YES;
				CLANG_WARN_INFINITE_RECURSION = YES;
				CLANG_WARN_INT_CONVERSION = YES;
				CLANG_WARN_NON_LITERAL_NULL_CONVERSION = YES;
				CLANG_WARN_OBJC_IMPLICIT_RETAIN_SELF = YES;
				CLANG_WARN_OBJC_LITERAL_CONVERSION = YES;
				CLANG_WARN_OBJC_ROOT_CLASS = YES_ERROR;
				CLANG_WARN_QUOTED_INCLUDE_IN_FRAMEWORK_HEADER = YES;
				CLANG_WARN_RANGE_LOOP_ANALYSIS = YES;
				CLANG_WARN_STRICT_PROTOTYPES = YES;
				CLANG_WARN_SUSPICIOUS_MOVE = YES;
				CLANG_WARN_UNGUARDED_AVAILABILITY = YES_AGGRESSIVE;
				CLANG_WARN_UNREACHABLE_CODE = YES;
				CLANG_WARN__DUPLICATE_METHOD_MATCH = YES;
				COPY_PHASE_STRIP = NO;
				DEBUG_INFORMATION_FORMAT = "dwarf-with-dsym";
				ENABLE_NS_ASSERTIONS = NO;
				ENABLE_STRICT_OBJC_MSGSEND = YES;
				GCC_C_LANGUAGE_STANDARD = gnu11;
				GCC_NO_COMMON_BLOCKS = YES;
				GCC_WARN_64_TO_32_BIT_CONVERSION = YES;
				GCC_WARN_ABOUT_RETURN_TYPE = YES_ERROR;
				GCC_WARN_UNDECLARED_SELECTOR = YES;
				GCC_WARN_UNINITIALIZED_AUTOS = YES_AGGRESSIVE;
				GCC_WARN_UNUSED_FUNCTION = YES;
				GCC_WARN_UNUSED_VARIABLE = YES;
				IPHONEOS_DEPLOYMENT_TARGET = 16.0;
				MTL_ENABLE_DEBUG_INFO = NO;
				MTL_FAST_MATH = YES;
				SDKROOT = iphoneos;
				SWIFT_COMPILATION_MODE = wholemodule;
				SWIFT_OPTIMIZATION_LEVEL = "-O";
				VALIDATE_PRODUCT = YES;
			};
			name = Release;
		};
		DD4817942871CA3E00B945F6 /* Debug */ = {
			isa = XCBuildConfiguration;
			buildSettings = {
				ASSETCATALOG_COMPILER_APPICON_NAME = AppIcon;
				ASSETCATALOG_COMPILER_GLOBAL_ACCENT_COLOR_NAME = AccentColor;
				CODE_SIGN_STYLE = Automatic;
				CURRENT_PROJECT_VERSION = 1;
				DEVELOPMENT_TEAM = 377B7BZZ6Z;
				GENERATE_INFOPLIST_FILE = YES;
				INFOPLIST_FILE = LiveText/Info.plist;
				INFOPLIST_KEY_NSPhotoLibraryAddUsageDescription = "カメラロールの使用";
				INFOPLIST_KEY_UIApplicationSupportsIndirectInputEvents = YES;
				INFOPLIST_KEY_UILaunchStoryboardName = LaunchScreen;
				INFOPLIST_KEY_UIMainStoryboardFile = Main;
				INFOPLIST_KEY_UISupportedInterfaceOrientations_iPad = "UIInterfaceOrientationPortrait UIInterfaceOrientationPortraitUpsideDown UIInterfaceOrientationLandscapeLeft UIInterfaceOrientationLandscapeRight";
				INFOPLIST_KEY_UISupportedInterfaceOrientations_iPhone = "UIInterfaceOrientationPortrait UIInterfaceOrientationLandscapeLeft UIInterfaceOrientationLandscapeRight";
				LD_RUNPATH_SEARCH_PATHS = (
					"$(inherited)",
					"@executable_path/Frameworks",
				);
				MARKETING_VERSION = 1.0;
				PRODUCT_BUNDLE_IDENTIFIER = igarashi.igaryo.LiveText;
				PRODUCT_NAME = "$(TARGET_NAME)";
				SWIFT_EMIT_LOC_STRINGS = YES;
				SWIFT_VERSION = 5.0;
				TARGETED_DEVICE_FAMILY = "1,2";
			};
			name = Debug;
		};
		DD4817952871CA3E00B945F6 /* Release */ = {
			isa = XCBuildConfiguration;
			buildSettings = {
				ASSETCATALOG_COMPILER_APPICON_NAME = AppIcon;
				ASSETCATALOG_COMPILER_GLOBAL_ACCENT_COLOR_NAME = AccentColor;
				CODE_SIGN_STYLE = Automatic;
				CURRENT_PROJECT_VERSION = 1;
				DEVELOPMENT_TEAM = 377B7BZZ6Z;
				GENERATE_INFOPLIST_FILE = YES;
				INFOPLIST_FILE = LiveText/Info.plist;
				INFOPLIST_KEY_NSPhotoLibraryAddUsageDescription = "カメラロールの使用";
				INFOPLIST_KEY_UIApplicationSupportsIndirectInputEvents = YES;
				INFOPLIST_KEY_UILaunchStoryboardName = LaunchScreen;
				INFOPLIST_KEY_UIMainStoryboardFile = Main;
				INFOPLIST_KEY_UISupportedInterfaceOrientations_iPad = "UIInterfaceOrientationPortrait UIInterfaceOrientationPortraitUpsideDown UIInterfaceOrientationLandscapeLeft UIInterfaceOrientationLandscapeRight";
				INFOPLIST_KEY_UISupportedInterfaceOrientations_iPhone = "UIInterfaceOrientationPortrait UIInterfaceOrientationLandscapeLeft UIInterfaceOrientationLandscapeRight";
				LD_RUNPATH_SEARCH_PATHS = (
					"$(inherited)",
					"@executable_path/Frameworks",
				);
				MARKETING_VERSION = 1.0;
				PRODUCT_BUNDLE_IDENTIFIER = igarashi.igaryo.LiveText;
				PRODUCT_NAME = "$(TARGET_NAME)";
				SWIFT_EMIT_LOC_STRINGS = YES;
				SWIFT_VERSION = 5.0;
				TARGETED_DEVICE_FAMILY = "1,2";
			};
			name = Release;
		};
/* End XCBuildConfiguration section */

/* Begin XCConfigurationList section */
		DD48177A2871CA3D00B945F6 /* Build configuration list for PBXProject "LiveText" */ = {
			isa = XCConfigurationList;
			buildConfigurations = (
				DD4817912871CA3E00B945F6 /* Debug */,
				DD4817922871CA3E00B945F6 /* Release */,
			);
			defaultConfigurationIsVisible = 0;
			defaultConfigurationName = Release;
		};
		DD4817932871CA3E00B945F6 /* Build configuration list for PBXNativeTarget "LiveText" */ = {
			isa = XCConfigurationList;
			buildConfigurations = (
				DD4817942871CA3E00B945F6 /* Debug */,
				DD4817952871CA3E00B945F6 /* Release */,
			);
			defaultConfigurationIsVisible = 0;
			defaultConfigurationName = Release;
		};
/* End XCConfigurationList section */
	};
	rootObject = DD4817772871CA3D00B945F6 /* Project object */;
}
